
Microsoft Visual Studio Solution File, Format Version 12.00
# Visual Studio 2015
Project("{FAE04EC0-301F-11D3-BF4B-00C04F79EFBC}") = "Poly-Games.CSharp", "Poly-Games.CSharp.csproj", "{28208642-4E02-18F3-63AD-762F55DFD7B9}"
EndProject
Global
	GlobalSection(SolutionConfigurationPlatforms) = preSolution
		Debug|Any CPU = Debug|Any CPU
		Release|Any CPU = Release|Any CPU
	EndGlobalSection
	GlobalSection(ProjectConfigurationPlatforms) = postSolution
		{28208642-4E02-18F3-63AD-762F55DFD7B9}.Debug|Any CPU.ActiveCfg = Debug|Any CPU
		{28208642-4E02-18F3-63AD-762F55DFD7B9}.Debug|Any CPU.Build.0 = Debug|Any CPU
		{28208642-4E02-18F3-63AD-762F55DFD7B9}.Release|Any CPU.ActiveCfg = Release|Any CPU
		{28208642-4E02-18F3-63AD-762F55DFD7B9}.Release|Any CPU.Build.0 = Release|Any CPU
	EndGlobalSection
	GlobalSection(SolutionProperties) = preSolution
		HideSolutionNode = FALSE
	EndGlobalSection
EndGlobal
